
Microsoft Visual Studio Solution File, Format Version 12.00
# Visual Studio Version 17
VisualStudioVersion = 17.10.35122.118
MinimumVisualStudioVersion = 10.0.40219.1
Project("{FAE04EC0-301F-11D3-BF4B-00C04F79EFBC}") = "Footballapi", "Footballapi\Footballapi.csproj", "{E4EBAE6D-5154-4953-8A17-DCBE8F5D19D1}"
EndProject
Global
	GlobalSection(SolutionConfigurationPlatforms) = preSolution
		Debug|Any CPU = Debug|Any CPU
		Release|Any CPU = Release|Any CPU
	EndGlobalSection
	GlobalSection(ProjectConfigurationPlatforms) = postSolution
		{E4EBAE6D-5154-4953-8A17-DCBE8F5D19D1}.Debug|Any CPU.ActiveCfg = Debug|Any CPU
		{E4EBAE6D-5154-4953-8A17-DCBE8F5D19D1}.Debug|Any CPU.Build.0 = Debug|Any CPU
		{E4EBAE6D-5154-4953-8A17-DCBE8F5D19D1}.Release|Any CPU.ActiveCfg = Release|Any CPU
		{E4EBAE6D-5154-4953-8A17-DCBE8F5D19D1}.Release|Any CPU.Build.0 = Release|Any CPU
	EndGlobalSection
	GlobalSection(SolutionProperties) = preSolution
		HideSolutionNode = FALSE
	EndGlobalSection
	GlobalSection(ExtensibilityGlobals) = postSolution
		SolutionGuid = {7AF9153F-787C-44A9-9966-0E8E09FA8197}
	EndGlobalSection
EndGlobal
